{
  "name": "assets",
  "lockfileVersion": 3,
  "requires": true,
  "packages": {
    "": {
      "dependencies": {
        "@tsparticles/basic": "^3.8.1",
        "@tsparticles/engine": "^3.8.1",
        "echarts": "^5.6.0"
      }
    },
    "node_modules/@tsparticles/basic": {
      "version": "3.8.1",
      "resolved": "https://registry.npmjs.org/@tsparticles/basic/-/basic-3.8.1.tgz",
      "integrity": "sha512-my114zRmekT/+I2cGuEnHxlX5G/jO0iVtNnsxxlsgspXUTSY+fDixmrNF4UgFkuaIwd9Bv/yH+7S/4HE4qte7A==",
      "funding": [
        {
          "type": "github",
          "url": "https://github.com/sponsors/matteobruni"
        },
        {
          "type": "github",
          "url": "https://github.com/sponsors/tsparticles"
        },
        {
          "type": "buymeacoffee",
          "url": "https://www.buymeacoffee.com/matteobruni"
        }
      ],
      "dependencies": {
        "@tsparticles/engine": "3.8.1",
        "@tsparticles/move-base": "3.8.1",
        "@tsparticles/plugin-hex-color": "3.8.1",
        "@tsparticles/plugin-hsl-color": "3.8.1",
        "@tsparticles/plugin-rgb-color": "3.8.1",
        "@tsparticles/shape-circle": "3.8.1",
        "@tsparticles/updater-color": "3.8.1",
        "@tsparticles/updater-opacity": "3.8.1",
        "@tsparticles/updater-out-modes": "3.8.1",
        "@tsparticles/updater-size": "3.8.1"
      }
    },
    "node_modules/@tsparticles/engine": {
      "version": "3.8.1",
      "resolved": "https://registry.npmjs.org/@tsparticles/engine/-/engine-3.8.1.tgz",
      "integrity": "sha512-S8h10nuZfElY7oih//NUHnT5qf4v3/dnsU8CMs7dz5lBEGr3amrYrXk0V+YKPTIQwfdmJHUaSBoAqFiv4aEGIA==",
      "funding": [
        {
          "type": "github",
          "url": "https://github.com/sponsors/matteobruni"
        },
        {
          "type": "github",
          "url": "https://github.com/sponsors/tsparticles"
        },
        {
          "type": "buymeacoffee",
          "url": "https://www.buymeacoffee.com/matteobruni"
        }
      ],
      "hasInstallScript": true
    },
    "node_modules/@tsparticles/move-base": {
      "version": "3.8.1",
      "resolved": "https://registry.npmjs.org/@tsparticles/move-base/-/move-base-3.8.1.tgz",
      "integrity": "sha512-DNFRL1QT8ZQYLg3fIk74EbHJq5HGOq9CM2bCci9dDcdymvN4L7aWVFQavRiWDbi3y1EUW3+jeHSMbD3qHAfOeA==",
      "dependencies": {
        "@tsparticles/engine": "3.8.1"
      }
    },
    "node_modules/@tsparticles/plugin-hex-color": {
      "version": "3.8.1",
      "resolved": "https://registry.npmjs.org/@tsparticles/plugin-hex-color/-/plugin-hex-color-3.8.1.tgz",
      "integrity": "sha512-AmgB7XIYBCvg5HcqYb19YpcjEx2k4DpU2e24n0rradDDeqKKcz7EWI/08FlAnDb5HUs1em63vaAanl1vdm3+OA==",
      "funding": [
        {
          "type": "github",
          "url": "https://github.com/sponsors/matteobruni"
        },
        {
          "type": "github",
          "url": "https://github.com/sponsors/tsparticles"
        },
        {
          "type": "buymeacoffee",
          "url": "https://www.buymeacoffee.com/matteobruni"
        }
      ],
      "dependencies": {
        "@tsparticles/engine": "3.8.1"
      }
    },
    "node_modules/@tsparticles/plugin-hsl-color": {
      "version": "3.8.1",
      "resolved": "https://registry.npmjs.org/@tsparticles/plugin-hsl-color/-/plugin-hsl-color-3.8.1.tgz",
      "integrity": "sha512-Ja6oEX6yu0064e4a+Fv1TBJiG5y0hqWwoOKSqf/Ra/zo01ageOEvDVX70FOVSrP+iEPGPznKVNcZs1tEOOvO0g==",
      "funding": [
        {
          "type": "github",
          "url": "https://github.com/sponsors/matteobruni"
        },
        {
          "type": "github",
          "url": "https://github.com/sponsors/tsparticles"
        },
        {
          "type": "buymeacoffee",
          "url": "https://www.buymeacoffee.com/matteobruni"
        }
      ],
      "dependencies": {
        "@tsparticles/engine": "3.8.1"
      }
    },
    "node_modules/@tsparticles/plugin-rgb-color": {
      "version": "3.8.1",
      "resolved": "https://registry.npmjs.org/@tsparticles/plugin-rgb-color/-/plugin-rgb-color-3.8.1.tgz",
      "integrity": "sha512-xNLqnaFUYjU+7dCHQXjZdM4UojUAVorPVmXlYmkh1xmujLljEaFTwCg1UJVlNq+fXENIFkeaf3/XT0U/q0ZBTA==",
      "funding": [
        {
          "type": "github",
          "url": "https://github.com/sponsors/matteobruni"
        },
        {
          "type": "github",
          "url": "https://github.com/sponsors/tsparticles"
        },
        {
          "type": "buymeacoffee",
          "url": "https://www.buymeacoffee.com/matteobruni"
        }
      ],
      "dependencies": {
        "@tsparticles/engine": "3.8.1"
      }
    },
    "node_modules/@tsparticles/shape-circle": {
      "version": "3.8.1",
      "resolved": "https://registry.npmjs.org/@tsparticles/shape-circle/-/shape-circle-3.8.1.tgz",
      "integrity": "sha512-dM/f+qcpd8/KfviuVuKiTS8KLDE/T7xxHK7EI2S49yPW6yrJJBXdL7T4N9/n/6PF+Wslcl+kf/eTDjEAI3WjNQ==",
      "dependencies": {
        "@tsparticles/engine": "3.8.1"
      }
    },
    "node_modules/@tsparticles/updater-color": {
      "version": "3.8.1",
      "resolved": "https://registry.npmjs.org/@tsparticles/updater-color/-/updater-color-3.8.1.tgz",
      "integrity": "sha512-HKrZzrF8YJ+TD+FdIwaWOPV565bkBhe+Ewj7CwKblG7H/SG+C6n1xIYobXkGP5pYkkQ+Cm1UV/Aq0Ih7sa+rJg==",
      "dependencies": {
        "@tsparticles/engine": "3.8.1"
      }
    },
    "node_modules/@tsparticles/updater-opacity": {
      "version": "3.8.1",
      "resolved": "https://registry.npmjs.org/@tsparticles/updater-opacity/-/updater-opacity-3.8.1.tgz",
      "integrity": "sha512-41dJ0T7df7AUFFkV9yU0buUfUwh+hLYcViXxkDy+6CJiiNCNZ4H404w1DTpBQLL4fbxUcDk9BXZLV7gkE2OfAw==",
      "dependencies": {
        "@tsparticles/engine": "3.8.1"
      }
    },
    "node_modules/@tsparticles/updater-out-modes": {
      "version": "3.8.1",
      "resolved": "https://registry.npmjs.org/@tsparticles/updater-out-modes/-/updater-out-modes-3.8.1.tgz",
      "integrity": "sha512-BY8WqQwoDFpgPybwTzBU2GnxtRkjWnGStqBnR53x5+f1j7geTSY6WjcOvl1W+IkjtwtjiifriwBl41EbqMrjdQ==",
      "dependencies": {
        "@tsparticles/engine": "3.8.1"
      }
    },
    "node_modules/@tsparticles/updater-size": {
      "version": "3.8.1",
      "resolved": "https://registry.npmjs.org/@tsparticles/updater-size/-/updater-size-3.8.1.tgz",
      "integrity": "sha512-SC2ZxewtpwKadCalotK6x2YanxRO3hTMW1Rxzx9V2rcjAIgh/Nw49Vuithy2TDq8RtTc9rHDAPic2vMQ/lYQwA==",
      "dependencies": {
        "@tsparticles/engine": "3.8.1"
      }
    },
    "node_modules/echarts": {
      "version": "5.6.0",
      "resolved": "https://registry.npmjs.org/echarts/-/echarts-5.6.0.tgz",
      "integrity": "sha512-oTbVTsXfKuEhxftHqL5xprgLoc0k7uScAwtryCgWF6hPYFLRwOUHiFmHGCBKP5NPFNkDVopOieyUqYGH8Fa3kA==",
      "license": "Apache-2.0",
      "dependencies": {
        "tslib": "2.3.0",
        "zrender": "5.6.1"
      }
    },
    "node_modules/tslib": {
      "version": "2.3.0",
      "resolved": "https://registry.npmjs.org/tslib/-/tslib-2.3.0.tgz",
      "integrity": "sha512-N82ooyxVNm6h1riLCoyS9e3fuJ3AMG2zIZs2Gd1ATcSFjSA23Q0fzjjZeh0jbJvWVDZ0cJT8yaNNaaXHzueNjg==",
      "license": "0BSD"
    },
    "node_modules/zrender": {
      "version": "5.6.1",
      "resolved": "https://registry.npmjs.org/zrender/-/zrender-5.6.1.tgz",
      "integrity": "sha512-OFXkDJKcrlx5su2XbzJvj/34Q3m6PvyCZkVPHGYpcCJ52ek4U/ymZyfuV1nKE23AyBJ51E/6Yr0mhZ7xGTO4ag==",
      "license": "BSD-3-Clause",
      "dependencies": {
        "tslib": "2.3.0"
      }
    }
  }
}
